
Microsoft Visual Studio Solution File, Format Version 12.00
# Visual Studio Version 16
VisualStudioVersion = 16.0.29905.134
MinimumVisualStudioVersion = 10.0.40219.1
Project("{9A19103F-16F7-4668-BE54-9A1E7A4F7556}") = "AMS", "CMS\AMS.csproj", "{BA4EA7BC-CA8A-48BC-94BF-6C59E9A3B42C}"
EndProject
Global
	GlobalSection(SolutionConfigurationPlatforms) = preSolution
		Debug|Any CPU = Debug|Any CPU
		Release|Any CPU = Release|Any CPU
	EndGlobalSection
	GlobalSection(ProjectConfigurationPlatforms) = postSolution
		{BA4EA7BC-CA8A-48BC-94BF-6C59E9A3B42C}.Debug|Any CPU.ActiveCfg = Debug|Any CPU
		{BA4EA7BC-CA8A-48BC-94BF-6C59E9A3B42C}.Debug|Any CPU.Build.0 = Debug|Any CPU
		{BA4EA7BC-CA8A-48BC-94BF-6C59E9A3B42C}.Release|Any CPU.ActiveCfg = Release|Any CPU
		{BA4EA7BC-CA8A-48BC-94BF-6C59E9A3B42C}.Release|Any CPU.Build.0 = Release|Any CPU
	EndGlobalSection
	GlobalSection(SolutionProperties) = preSolution
		HideSolutionNode = FALSE
	EndGlobalSection
	GlobalSection(ExtensibilityGlobals) = postSolution
		SolutionGuid = {6D9ED4A2-B77C-4B53-90FE-C5D38B4E2644}
	EndGlobalSection
EndGlobal
